// !$*UTF8*$!
{
	archiveVersion = 1;
	classes = {
	};
	objectVersion = 46;
	objects = {

/* Begin PBXBuildFile section */
		509C55A819AEFE4C00249833 /* AppDelegate.swift in Sources */ = {isa = PBXBuildFile; fileRef = 509C55A719AEFE4C00249833 /* AppDelegate.swift */; };
		509C55AA19AEFE4C00249833 /* ViewController.swift in Sources */ = {isa = PBXBuildFile; fileRef = 509C55A919AEFE4C00249833 /* ViewController.swift */; };
		509C55AD19AEFE4C00249833 /* Main.storyboard in Resources */ = {isa = PBXBuildFile; fileRef = 509C55AB19AEFE4C00249833 /* Main.storyboard */; };
		509C55AF19AEFE4C00249833 /* Images.xcassets in Resources */ = {isa = PBXBuildFile; fileRef = 509C55AE19AEFE4C00249833 /* Images.xcassets */; };
		509C55BB19AEFE4C00249833 /* tipsTests.swift in Sources */ = {isa = PBXBuildFile; fileRef = 509C55BA19AEFE4C00249833 /* tipsTests.swift */; };
/* End PBXBuildFile section */

/* Begin PBXContainerItemProxy section */
		509C55B519AEFE4C00249833 /* PBXContainerItemProxy */ = {
			isa = PBXContainerItemProxy;
			containerPortal = 509C559A19AEFE4C00249833 /* Project object */;
			proxyType = 1;
			remoteGlobalIDString = 509C55A119AEFE4C00249833;
			remoteInfo = tips;
		};
/* End PBXContainerItemProxy section */

/* Begin PBXFileReference section */
		509C55A219AEFE4C00249833 /* tips.app */ = {isa = PBXFileReference; explicitFileType = wrapper.application; includeInIndex = 0; path = tips.app; sourceTree = BUILT_PRODUCTS_DIR; };
		509C55A619AEFE4C00249833 /* Info.plist */ = {isa = PBXFileReference; lastKnownFileType = text.plist.xml; path = Info.plist; sourceTree = "<group>"; };
		509C55A719AEFE4C00249833 /* AppDelegate.swift */ = {isa = PBXFileReference; lastKnownFileType = sourcecode.swift; path = AppDelegate.swift; sourceTree = "<group>"; };
		509C55A919AEFE4C00249833 /* ViewController.swift */ = {isa = PBXFileReference; lastKnownFileType = sourcecode.swift; path = ViewController.swift; sourceTree = "<group>"; };
		509C55AC19AEFE4C00249833 /* Base */ = {isa = PBXFileReference; lastKnownFileType = file.storyboard; name = Base; path = Base.lproj/Main.storyboard; sourceTree = "<group>"; };
		509C55AE19AEFE4C00249833 /* Images.xcassets */ = {isa = PBXFileReference; lastKnownFileType = folder.assetcatalog; path = Images.xcassets; sourceTree = "<group>"; };
		509C55B419AEFE4C00249833 /* tipsTests.xctest */ = {isa = PBXFileReference; explicitFileType = wrapper.cfbundle; includeInIndex = 0; path = tipsTests.xctest; sourceTree = BUILT_PRODUCTS_DIR; };
		509C55B919AEFE4C00249833 /* Info.plist */ = {isa = PBXFileReference; lastKnownFileType = text.plist.xml; path = Info.plist; sourceTree = "<group>"; };
		509C55BA19AEFE4C00249833 /* tipsTests.swift */ = {isa = PBXFileReference; lastKnownFileType = sourcecode.swift; path = tipsTests.swift; sourceTree = "<group>"; };
/* End PBXFileReference section */

/* Begin PBXFrameworksBuildPhase section */
		509C559F19AEFE4C00249833 /* Frameworks */ = {
			isa = PBXFrameworksBuildPhase;
			buildActionMask = 2147483647;
			files = (
			);
			runOnlyForDeploymentPostprocessing = 0;
		};
		509C55B119AEFE4C00249833 /* Frameworks */ = {
			isa = PBXFrameworksBuildPhase;
			buildActionMask = 2147483647;
			files = (
			);
			runOnlyForDeploymentPostprocessing = 0;
		};
/* End PBXFrameworksBuildPhase section */

/* Begin PBXGroup section */
		509C559919AEFE4C00249833 = {
			isa = PBXGroup;
			children = (
				509C55A419AEFE4C00249833 /* tips */,
				509C55B719AEFE4C00249833 /* tipsTests */,
				509C55A319AEFE4C00249833 /* Products */,
			);
			sourceTree = "<group>";
		};
		509C55A319AEFE4C00249833 /* Products */ = {
			isa = PBXGroup;
			children = (
				509C55A219AEFE4C00249833 /* tips.app */,
				509C55B419AEFE4C00249833 /* tipsTests.xctest */,
			);
			name = Products;
			sourceTree = "<group>";
		};
		509C55A419AEFE4C00249833 /* tips */ = {
			isa = PBXGroup;
			children = (
				509C55A719AEFE4C00249833 /* AppDelegate.swift */,
				509C55A919AEFE4C00249833 /* ViewController.swift */,
				509C55AB19AEFE4C00249833 /* Main.storyboard */,
				509C55AE19AEFE4C00249833 /* Images.xcassets */,
				509C55A519AEFE4C00249833 /* Supporting Files */,
			);
			path = tips;
			sourceTree = "<group>";
		};
		509C55A519AEFE4C00249833 /* Supporting Files */ = {
			isa = PBXGroup;
			children = (
				509C55A619AEFE4C00249833 /* Info.plist */,
			);
			name = "Supporting Files";
			sourceTree = "<group>";
		};
		509C55B719AEFE4C00249833 /* tipsTests */ = {
			isa = PBXGroup;
			children = (
				509C55BA19AEFE4C00249833 /* tipsTests.swift */,
				509C55B819AEFE4C00249833 /* Supporting Files */,
			);
			path = tipsTests;
			sourceTree = "<group>";
		};
		509C55B819AEFE4C00249833 /* Supporting Files */ = {
			isa = PBXGroup;
			children = (
				509C55B919AEFE4C00249833 /* Info.plist */,
			);
			name = "Supporting Files";
			sourceTree = "<group>";
		};
/* End PBXGroup section */

/* Begin PBXNativeTarget section */
		509C55A119AEFE4C00249833 /* tips */ = {
			isa = PBXNativeTarget;
			buildConfigurationList = 509C55BE19AEFE4C00249833 /* Build configuration list for PBXNativeTarget "tips" */;
			buildPhases = (
				509C559E19AEFE4C00249833 /* Sources */,
				509C559F19AEFE4C00249833 /* Frameworks */,
				509C55A019AEFE4C00249833 /* Resources */,
			);
			buildRules = (
			);
			dependencies = (
			);
			name = tips;
			productName = tips;
			productReference = 509C55A219AEFE4C00249833 /* tips.app */;
			productType = "com.apple.product-type.application";
		};
		509C55B319AEFE4C00249833 /* tipsTests */ = {
			isa = PBXNativeTarget;
			buildConfigurationList = 509C55C119AEFE4C00249833 /* Build configuration list for PBXNativeTarget "tipsTests" */;
			buildPhases = (
				509C55B019AEFE4C00249833 /* Sources */,
				509C55B119AEFE4C00249833 /* Frameworks */,
				509C55B219AEFE4C00249833 /* Resources */,
			);
			buildRules = (
			);
			dependencies = (
				509C55B619AEFE4C00249833 /* PBXTargetDependency */,
			);
			name = tipsTests;
			productName = tipsTests;
			productReference = 509C55B419AEFE4C00249833 /* tipsTests.xctest */;
			productType = "com.apple.product-type.bundle.unit-test";
		};
/* End PBXNativeTarget section */

/* Begin PBXProject section */
		509C559A19AEFE4C00249833 /* Project object */ = {
			isa = PBXProject;
			attributes = {
				LastUpgradeCheck = 0600;
				ORGANIZATIONNAME = "Kerry Kao";
				TargetAttributes = {
					509C55A119AEFE4C00249833 = {
						CreatedOnToolsVersion = 6.0;
					};
					509C55B319AEFE4C00249833 = {
						CreatedOnToolsVersion = 6.0;
						TestTargetID = 509C55A119AEFE4C00249833;
					};
				};
			};
			buildConfigurationList = 509C559D19AEFE4C00249833 /* Build configuration list for PBXProject "tips" */;
			compatibilityVersion = "Xcode 3.2";
			developmentRegion = English;
			hasScannedForEncodings = 0;
			knownRegions = (
				en,
				Base,
			);
			mainGroup = 509C559919AEFE4C00249833;
			productRefGroup = 509C55A319AEFE4C00249833 /* Products */;
			projectDirPath = "";
			projectRoot = "";
			targets = (
				509C55A119AEFE4C00249833 /* tips */,
				509C55B319AEFE4C00249833 /* tipsTests */,
			);
		};
/* End PBXProject section */

/* Begin PBXResourcesBuildPhase section */
		509C55A019AEFE4C00249833 /* Resources */ = {
			isa = PBXResourcesBuildPhase;
			buildActionMask = 2147483647;
			files = (
				509C55AD19AEFE4C00249833 /* Main.storyboard in Resources */,
				509C55AF19AEFE4C00249833 /* Images.xcassets in Resources */,
			);
			runOnlyForDeploymentPostprocessing = 0;
		};
		509C55B219AEFE4C00249833 /* Resources */ = {
			isa = PBXResourcesBuildPhase;
			buildActionMask = 2147483647;
			files = (
			);
			runOnlyForDeploymentPostprocessing = 0;
		};
/* End PBXResourcesBuildPhase section */

/* Begin PBXSourcesBuildPhase section */
		509C559E19AEFE4C00249833 /* Sources */ = {
			isa = PBXSourcesBuildPhase;
			buildActionMask = 2147483647;
			files = (
				509C55AA19AEFE4C00249833 /* ViewController.swift in Sources */,
				509C55A819AEFE4C00249833 /* AppDelegate.swift in Sources */,
			);
			runOnlyForDeploymentPostprocessing = 0;
		};
		509C55B019AEFE4C00249833 /* Sources */ = {
			isa = PBXSourcesBuildPhase;
			buildActionMask = 2147483647;
			files = (
				509C55BB19AEFE4C00249833 /* tipsTests.swift in Sources */,
			);
			runOnlyForDeploymentPostprocessing = 0;
		};
/* End PBXSourcesBuildPhase section */

/* Begin PBXTargetDependency section */
		509C55B619AEFE4C00249833 /* PBXTargetDependency */ = {
			isa = PBXTargetDependency;
			target = 509C55A119AEFE4C00249833 /* tips */;
			targetProxy = 509C55B519AEFE4C00249833 /* PBXContainerItemProxy */;
		};
/* End PBXTargetDependency section */

/* Begin PBXVariantGroup section */
		509C55AB19AEFE4C00249833 /* Main.storyboard */ = {
			isa = PBXVariantGroup;
			children = (
				509C55AC19AEFE4C00249833 /* Base */,
			);
			name = Main.storyboard;
			sourceTree = "<group>";
		};
/* End PBXVariantGroup section */

/* Begin XCBuildConfiguration section */
		509C55BC19AEFE4C00249833 /* Debug */ = {
			isa = XCBuildConfiguration;
			buildSettings = {
				ALWAYS_SEARCH_USER_PATHS = NO;
				CLANG_CXX_LANGUAGE_STANDARD = "gnu++0x";
				CLANG_CXX_LIBRARY = "libc++";
				CLANG_ENABLE_MODULES = YES;
				CLANG_ENABLE_OBJC_ARC = YES;
				CLANG_WARN_BOOL_CONVERSION = YES;
				CLANG_WARN_CONSTANT_CONVERSION = YES;
				CLANG_WARN_DIRECT_OBJC_ISA_USAGE = YES_ERROR;
				CLANG_WARN_EMPTY_BODY = YES;
				CLANG_WARN_ENUM_CONVERSION = YES;
				CLANG_WARN_INT_CONVERSION = YES;
				CLANG_WARN_OBJC_ROOT_CLASS = YES_ERROR;
				CLANG_WARN_UNREACHABLE_CODE = YES;
				CLANG_WARN__DUPLICATE_METHOD_MATCH = YES;
				"CODE_SIGN_IDENTITY[sdk=iphoneos*]" = "iPhone Developer";
				COPY_PHASE_STRIP = NO;
				ENABLE_STRICT_OBJC_MSGSEND = YES;
				GCC_C_LANGUAGE_STANDARD = gnu99;
				GCC_DYNAMIC_NO_PIC = NO;
				GCC_OPTIMIZATION_LEVEL = 0;
				GCC_PREPROCESSOR_DEFINITIONS = (
					"DEBUG=1",
					"$(inherited)",
				);
				GCC_SYMBOLS_PRIVATE_EXTERN = NO;
				GCC_WARN_64_TO_32_BIT_CONVERSION = YES;
				GCC_WARN_ABOUT_RETURN_TYPE = YES_ERROR;
				GCC_WARN_UNDECLARED_SELECTOR = YES;
				GCC_WARN_UNINITIALIZED_AUTOS = YES_AGGRESSIVE;
				GCC_WARN_UNUSED_FUNCTION = YES;
				GCC_WARN_UNUSED_VARIABLE = YES;
				IPHONEOS_DEPLOYMENT_TARGET = 8.0;
				MTL_ENABLE_DEBUG_INFO = YES;
				ONLY_ACTIVE_ARCH = YES;
				SDKROOT = iphoneos;
				SWIFT_OPTIMIZATION_LEVEL = "-Onone";
			};
			name = Debug;
		};
		509C55BD19AEFE4C00249833 /* Release */ = {
			isa = XCBuildConfiguration;
			buildSettings = {
				ALWAYS_SEARCH_USER_PATHS = NO;
				CLANG_CXX_LANGUAGE_STANDARD = "gnu++0x";
				CLANG_CXX_LIBRARY = "libc++";
				CLANG_ENABLE_MODULES = YES;
				CLANG_ENABLE_OBJC_ARC = YES;
				CLANG_WARN_BOOL_CONVERSION = YES;
				CLANG_WARN_CONSTANT_CONVERSION = YES;
				CLANG_WARN_DIRECT_OBJC_ISA_USAGE = YES_ERROR;
				CLANG_WARN_EMPTY_BODY = YES;
				CLANG_WARN_ENUM_CONVERSION = YES;
				CLANG_WARN_INT_CONVERSION = YES;
				CLANG_WARN_OBJC_ROOT_CLASS = YES_ERROR;
				CLANG_WARN_UNREACHABLE_CODE = YES;
				CLANG_WARN__DUPLICATE_METHOD_MATCH = YES;
				"CODE_SIGN_IDENTITY[sdk=iphoneos*]" = "iPhone Developer";
				COPY_PHASE_STRIP = YES;
				ENABLE_NS_ASSERTIONS = NO;
				ENABLE_STRICT_OBJC_MSGSEND = YES;
				GCC_C_LANGUAGE_STANDARD = gnu99;
				GCC_WARN_64_TO_32_BIT_CONVERSION = YES;
				GCC_WARN_ABOUT_RETURN_TYPE = YES_ERROR;
				GCC_WARN_UNDECLARED_SELECTOR = YES;
				GCC_WARN_UNINITIALIZED_AUTOS = YES_AGGRESSIVE;
				GCC_WARN_UNUSED_FUNCTION = YES;
				GCC_WARN_UNUSED_VARIABLE = YES;
				IPHONEOS_DEPLOYMENT_TARGET = 8.0;
				MTL_ENABLE_DEBUG_INFO = NO;
				SDKROOT = iphoneos;
				VALIDATE_PRODUCT = YES;
			};
			name = Release;
		};
		509C55BF19AEFE4C00249833 /* Debug */ = {
			isa = XCBuildConfiguration;
			buildSettings = {
				ASSETCATALOG_COMPILER_APPICON_NAME = AppIcon;
				ASSETCATALOG_COMPILER_LAUNCHIMAGE_NAME = LaunchImage;
				INFOPLIST_FILE = tips/Info.plist;
				IPHONEOS_DEPLOYMENT_TARGET = 7.0;
				LD_RUNPATH_SEARCH_PATHS = "$(inherited) @executable_path/Frameworks";
				PRODUCT_NAME = "$(TARGET_NAME)";
			};
			name = Debug;
		};
		509C55C019AEFE4C00249833 /* Release */ = {
			isa = XCBuildConfiguration;
			buildSettings = {
				ASSETCATALOG_COMPILER_APPICON_NAME = AppIcon;
				ASSETCATALOG_COMPILER_LAUNCHIMAGE_NAME = LaunchImage;
				INFOPLIST_FILE = tips/Info.plist;
				IPHONEOS_DEPLOYMENT_TARGET = 7.0;
				LD_RUNPATH_SEARCH_PATHS = "$(inherited) @executable_path/Frameworks";
				PRODUCT_NAME = "$(TARGET_NAME)";
			};
			name = Release;
		};
		509C55C219AEFE4C00249833 /* Debug */ = {
			isa = XCBuildConfiguration;
			buildSettings = {
				BUNDLE_LOADER = "$(TEST_HOST)";
				FRAMEWORK_SEARCH_PATHS = (
					"$(SDKROOT)/Developer/Library/Frameworks",
					"$(inherited)",
				);
				GCC_PREPROCESSOR_DEFINITIONS = (
					"DEBUG=1",
					"$(inherited)",
				);
				INFOPLIST_FILE = tipsTests/Info.plist;
				LD_RUNPATH_SEARCH_PATHS = "$(inherited) @executable_path/Frameworks @loader_path/Frameworks";
				PRODUCT_NAME = "$(TARGET_NAME)";
				TEST_HOST = "$(BUILT_PRODUCTS_DIR)/tips.app/tips";
			};
			name = Debug;
		};
		509C55C319AEFE4C00249833 /* Release */ = {
			isa = XCBuildConfiguration;
			buildSettings = {
				BUNDLE_LOADER = "$(TEST_HOST)";
				FRAMEWORK_SEARCH_PATHS = (
					"$(SDKROOT)/Developer/Library/Frameworks",
					"$(inherited)",
				);
				INFOPLIST_FILE = tipsTests/Info.plist;
				LD_RUNPATH_SEARCH_PATHS = "$(inherited) @executable_path/Frameworks @loader_path/Frameworks";
				PRODUCT_NAME = "$(TARGET_NAME)";
				TEST_HOST = "$(BUILT_PRODUCTS_DIR)/tips.app/tips";
			};
			name = Release;
		};
/* End XCBuildConfiguration section */

/* Begin XCConfigurationList section */
		509C559D19AEFE4C00249833 /* Build configuration list for PBXProject "tips" */ = {
			isa = XCConfigurationList;
			buildConfigurations = (
				509C55BC19AEFE4C00249833 /* Debug */,
				509C55BD19AEFE4C00249833 /* Release */,
			);
			defaultConfigurationIsVisible = 0;
			defaultConfigurationName = Release;
		};
		509C55BE19AEFE4C00249833 /* Build configuration list for PBXNativeTarget "tips" */ = {
			isa = XCConfigurationList;
			buildConfigurations = (
				509C55BF19AEFE4C00249833 /* Debug */,
				509C55C019AEFE4C00249833 /* Release */,
			);
			defaultConfigurationIsVisible = 0;
		};
		509C55C119AEFE4C00249833 /* Build configuration list for PBXNativeTarget "tipsTests" */ = {
			isa = XCConfigurationList;
			buildConfigurations = (
				509C55C219AEFE4C00249833 /* Debug */,
				509C55C319AEFE4C00249833 /* Release */,
			);
			defaultConfigurationIsVisible = 0;
		};
/* End XCConfigurationList section */
	};
	rootObject = 509C559A19AEFE4C00249833 /* Project object */;
}
